
Microsoft Visual Studio Solution File, Format Version 12.00
# Visual Studio Version 16
VisualStudioVersion = 16.0.32802.440
MinimumVisualStudioVersion = 10.0.40219.1
Project("{FAE04EC0-301F-11D3-BF4B-00C04F79EFBC}") = "TPTWinform", "TPTWinform.csproj", "{A504E63C-AFDA-4865-A4CB-292E85866C51}"
EndProject
Global
	GlobalSection(SolutionConfigurationPlatforms) = preSolution
		Debug|Any CPU = Debug|Any CPU
		Release|Any CPU = Release|Any CPU
	EndGlobalSection
	GlobalSection(ProjectConfigurationPlatforms) = postSolution
		{A504E63C-AFDA-4865-A4CB-292E85866C51}.Debug|Any CPU.ActiveCfg = Debug|Any CPU
		{A504E63C-AFDA-4865-A4CB-292E85866C51}.Debug|Any CPU.Build.0 = Debug|Any CPU
		{A504E63C-AFDA-4865-A4CB-292E85866C51}.Release|Any CPU.ActiveCfg = Release|Any CPU
		{A504E63C-AFDA-4865-A4CB-292E85866C51}.Release|Any CPU.Build.0 = Release|Any CPU
	EndGlobalSection
	GlobalSection(SolutionProperties) = preSolution
		HideSolutionNode = FALSE
	EndGlobalSection
	GlobalSection(ExtensibilityGlobals) = postSolution
		SolutionGuid = {C44B92D8-B61C-4178-9E5A-B3F047602376}
	EndGlobalSection
EndGlobal
